
Microsoft Visual Studio Solution File, Format Version 12.00
# Visual Studio Version 17
VisualStudioVersion = 17.14.36221.1
MinimumVisualStudioVersion = 10.0.40219.1
Project("{FAE04EC0-301F-11D3-BF4B-00C04F79EFBC}") = "Mission.Api", "Mission.Api\Mission.Api.csproj", "{99D5A745-BF7F-400E-894D-30B86DD2FD49}"
EndProject
Project("{FAE04EC0-301F-11D3-BF4B-00C04F79EFBC}") = "Mission.Entities", "Mission.Entities\Mission.Entities.csproj", "{C3BFE6C3-2B28-4CD5-BF1E-F4F7034CD08B}"
EndProject
Project("{FAE04EC0-301F-11D3-BF4B-00C04F79EFBC}") = "Mission.Repositories", "Mission.Repositories\Mission.Repositories.csproj", "{A41AD201-C9EB-47B7-A779-2F68339EAB0A}"
EndProject
Project("{FAE04EC0-301F-11D3-BF4B-00C04F79EFBC}") = "Mission.Services", "Mission.Services\Mission.Services.csproj", "{B5E55726-FF5B-4FDD-9758-345E849CCE48}"
EndProject
Global
	GlobalSection(SolutionConfigurationPlatforms) = preSolution
		Debug|Any CPU = Debug|Any CPU
		Release|Any CPU = Release|Any CPU
	EndGlobalSection
	GlobalSection(ProjectConfigurationPlatforms) = postSolution
		{99D5A745-BF7F-400E-894D-30B86DD2FD49}.Debug|Any CPU.ActiveCfg = Debug|Any CPU
		{99D5A745-BF7F-400E-894D-30B86DD2FD49}.Debug|Any CPU.Build.0 = Debug|Any CPU
		{99D5A745-BF7F-400E-894D-30B86DD2FD49}.Release|Any CPU.ActiveCfg = Release|Any CPU
		{99D5A745-BF7F-400E-894D-30B86DD2FD49}.Release|Any CPU.Build.0 = Release|Any CPU
		{C3BFE6C3-2B28-4CD5-BF1E-F4F7034CD08B}.Debug|Any CPU.ActiveCfg = Debug|Any CPU
		{C3BFE6C3-2B28-4CD5-BF1E-F4F7034CD08B}.Debug|Any CPU.Build.0 = Debug|Any CPU
		{C3BFE6C3-2B28-4CD5-BF1E-F4F7034CD08B}.Release|Any CPU.ActiveCfg = Release|Any CPU
		{C3BFE6C3-2B28-4CD5-BF1E-F4F7034CD08B}.Release|Any CPU.Build.0 = Release|Any CPU
		{A41AD201-C9EB-47B7-A779-2F68339EAB0A}.Debug|Any CPU.ActiveCfg = Debug|Any CPU
		{A41AD201-C9EB-47B7-A779-2F68339EAB0A}.Debug|Any CPU.Build.0 = Debug|Any CPU
		{A41AD201-C9EB-47B7-A779-2F68339EAB0A}.Release|Any CPU.ActiveCfg = Release|Any CPU
		{A41AD201-C9EB-47B7-A779-2F68339EAB0A}.Release|Any CPU.Build.0 = Release|Any CPU
		{B5E55726-FF5B-4FDD-9758-345E849CCE48}.Debug|Any CPU.ActiveCfg = Debug|Any CPU
		{B5E55726-FF5B-4FDD-9758-345E849CCE48}.Debug|Any CPU.Build.0 = Debug|Any CPU
		{B5E55726-FF5B-4FDD-9758-345E849CCE48}.Release|Any CPU.ActiveCfg = Release|Any CPU
		{B5E55726-FF5B-4FDD-9758-345E849CCE48}.Release|Any CPU.Build.0 = Release|Any CPU
	EndGlobalSection
	GlobalSection(SolutionProperties) = preSolution
		HideSolutionNode = FALSE
	EndGlobalSection
	GlobalSection(ExtensibilityGlobals) = postSolution
		SolutionGuid = {521EDAD8-C8D9-4C1E-826B-A517CDB1F390}
	EndGlobalSection
EndGlobal
